{
  "version": 1,
  "dependencies": {
    "net6.0": {
      "Newtonsoft.Json": {
        "type": "Direct",
        "requested": "[*, )",
        "resolved": "13.0.1",
        "contentHash": "ppPFpBcvxdsfUonNcvITKqLl3bqxWbDCZIzDWHzjpdAHRFfZe0Dw9HmA0+za13IdyrgJwpkDTDA9fHaxOrt20A=="
      },
      "Serilog": {
        "type": "Direct",
        "requested": "[2.10.0, )",
        "resolved": "2.10.0",
        "contentHash": "+QX0hmf37a0/OZLxM3wL7V6/ADvC1XihXN4Kq/p6d8lCPfgkRdiuhbWlMaFjR9Av0dy5F0+MBeDmDdRZN/YwQA=="
      },
      "Arbor.App.Extensions": {
        "type": "Transitive",
        "resolved": "0.10.0-build.1631884952",
        "contentHash": "BnZ+j2LXx0OWkLMnGpc//iNFuCcFwURSCKLuNr4DHHB2qEJhXPY3owP8r0aXD9OMmtxuoBcxiniRD2GlsuvlTA==",
        "dependencies": {
          "Arbor.KVConfiguration.Core": "2.0.0-build.1631884553",
          "Arbor.KVConfiguration.Schema": "2.0.0-build.1631884553",
          "Arbor.KVConfiguration.Urns": "2.0.0-build.1631884553",
          "Arbor.Primitives": "2.0.0-build.1631884553",
          "JetBrains.Annotations": "2021.2.0",
          "MediatR": "9.0.0",
          "Microsoft.Extensions.Caching.Abstractions": "5.0.0",
          "Microsoft.Extensions.DependencyInjection.Abstractions": "5.0.0",
          "Microsoft.Extensions.DependencyModel": "5.0.0",
          "Microsoft.Extensions.Http": "5.0.0",
          "Microsoft.Extensions.Primitives": "5.0.1",
          "Serilog": "2.10.0",
          "Serilog.Sinks.Console": "4.0.0",
          "Serilog.Sinks.Debug": "2.0.0",
          "Serilog.Sinks.File": "5.0.0",
          "Serilog.Sinks.Seq": "5.0.1",
          "System.Collections.Immutable": "5.0.0",
          "System.ComponentModel.Annotations": "5.0.0"
        }
      },
      "Arbor.AspNetCore.Mvc.Formatting.HtmlForms": {
        "type": "Transitive",
        "resolved": "1.0.0",
        "contentHash": "blc/VE9HVjajIExUUnXtjKUywYl+x3D2gnj/wWDuWg8v0VYuTl7/xYAhQrIBhwzGeiEGqOTes3kc4flgTUrJNA==",
        "dependencies": {
          "Arbor.ModelBinding": "2.0.0",
          "Arbor.ModelBinding.NewtonsoftJson": "2.0.0",
          "Microsoft.Extensions.Logging.Abstractions": "5.0.0",
          "Microsoft.Extensions.Primitives": "5.0.1",
          "Newtonsoft.Json": "13.0.1"
        }
      },
      "Arbor.KVConfiguration.Core": {
        "type": "Transitive",
        "resolved": "2.0.0-build.1631884553",
        "contentHash": "4msw8OiOAQYs5qzCtPFyPpPXuO3ZqWkGwE+VkFYDbZxELRWEuLJo79u+bGOv+V0siCoPTh9KOC2zIZn34wO/Rw==",
        "dependencies": {
          "Microsoft.Extensions.Primitives": "[3.0.0, 7.0.0)",
          "System.Collections.Immutable": "[1.5.0, 7.0.0)"
        }
      },
      "Arbor.KVConfiguration.DependencyInjection": {
        "type": "Transitive",
        "resolved": "2.0.0-build.1631884553",
        "contentHash": "6NtYUNa8pGp43oOaidSFEs3z1auHZmiZFqbZ1yq3aqA7t5KpjAcAHxWqXW27sUc8ZIQwcrwW3nnbO2Vch2+MIg==",
        "dependencies": {
          "Arbor.KVConfiguration.Core": "[2.0.0-0, 3.0.0)",
          "Arbor.KVConfiguration.Urns": "[2.0.0-0, 3.0.0)",
          "Microsoft.Extensions.DependencyInjection.Abstractions": "[3.0.0, 6.0.0)"
        }
      },
      "Arbor.KVConfiguration.JsonConfiguration": {
        "type": "Transitive",
        "resolved": "2.0.0-build.1631884553",
        "contentHash": "60RI8EcBMeCsH5bYpLtj22OW55mT1ndCjOTdQBKzEz6EMqzLxgsgeyp4HWKJg9x43BTp2dssEPyX+ljHRgbLrw==",
        "dependencies": {
          "Arbor.KVConfiguration.Core": "[2.0.0-0, 3.0.0)",
          "Arbor.KVConfiguration.Schema": "[2.0.0-0, 3.0.0)",
          "Arbor.KVConfiguration.Schema.Json": "[2.0.0-0, 3.0.0)",
          "Newtonsoft.Json": "[12.0.1, 14.0.0)"
        }
      },
      "Arbor.KVConfiguration.Microsoft.Extensions.Configuration.Urns": {
        "type": "Transitive",
        "resolved": "2.0.0-build.1631884553",
        "contentHash": "h5YmBiOuHDt+URXR/plVPntT6iKcqtsg0rsxo9WirD7craB1oSE3CWnz1yhTx5+9P0csHKTi/SxYgAjRrzukxg==",
        "dependencies": {
          "Arbor.KVConfiguration.Core": "[2.0.0-0, 3.0.0)",
          "Arbor.KVConfiguration.Urns": "[2.0.0-0, 3.0.0)",
          "Microsoft.Extensions.Configuration": "[3.0.0, 6.0.0)",
          "Microsoft.Extensions.DependencyInjection.Abstractions": "[3.0.0, 6.0.0)"
        }
      },
      "Arbor.KVConfiguration.Schema": {
        "type": "Transitive",
        "resolved": "2.0.0-build.1631884553",
        "contentHash": "Jb0BfyOYzf3g0YNpEetuuw22rsQl7tCwStroVV3bt4UhFWhQvpkqyKMiCs3177M8Q/NfwXJ8kU85EzhMwGZiQA==",
        "dependencies": {
          "Arbor.KVConfiguration.Core": "[2.0.0-0, 3.0.0)"
        }
      },
      "Arbor.KVConfiguration.Schema.Json": {
        "type": "Transitive",
        "resolved": "2.0.0-build.1631884553",
        "contentHash": "jxpEhZKO8tvyP8Ucbuey3d9EPtsYHfiwp7Sv+QkLt5YY3Qm/jcTRdyI3aa27PdZR9ttu/V0sGqW38eAjWDsfyA==",
        "dependencies": {
          "Arbor.KVConfiguration.Core": "[2.0.0-0, 3.0.0)",
          "Newtonsoft.Json": "12.0.1"
        }
      },
      "Arbor.KVConfiguration.Urns": {
        "type": "Transitive",
        "resolved": "2.0.0-build.1631884553",
        "contentHash": "AYRFt5Fn76n3aZR9weXSV9MMLjqru34ndy81e6KE1e62U3Aa4AF1/I3SeagFj0d8CN3yjKRWwrZ5zcPEKvQudA==",
        "dependencies": {
          "Arbor.KVConfiguration.Core": "[2.0.0-0, 3.0.0)",
          "Arbor.KVConfiguration.Schema": "[2.0.0-0, 3.0.0)",
          "Arbor.Primitives": "[2.0.0-0, 3.0.0)",
          "Newtonsoft.Json": "12.0.1"
        }
      },
      "Arbor.KVConfiguration.UserConfiguration": {
        "type": "Transitive",
        "resolved": "2.0.0-build.1631884553",
        "contentHash": "2rmabHfHL+DFe1DSw+Wv4Fh9qsPL7S0xj1cJ7Kt574ppz0tZEUfaPYZayHHj6EaUf0ZVbOZJtmSK4GeOwNNNFw==",
        "dependencies": {
          "Arbor.KVConfiguration.Core": "[2.0.0-0, 3.0.0)",
          "Arbor.KVConfiguration.JsonConfiguration": "[2.0.0-0, 3.0.0)",
          "Arbor.KVConfiguration.Schema": "[2.0.0-0, 3.0.0)"
        }
      },
      "Arbor.ModelBinding": {
        "type": "Transitive",
        "resolved": "2.1.0-build.1631437412",
        "contentHash": "tKxsJstnMf1TXi40E9PDCHAxHO/wXt0ofVmUp3QPWPt8jVCtSvkwLlYQPknrfrLMkW/Cb5Fg7pKf/0oaxAbbKQ==",
        "dependencies": {
          "Microsoft.Extensions.Primitives": "5.0.1"
        }
      },
      "Arbor.ModelBinding.NewtonsoftJson": {
        "type": "Transitive",
        "resolved": "2.1.0-build.1631437412",
        "contentHash": "MvzrQO2MgIa2NMAxB+xNsFwov9T2qMiaF4B9tkDx1Hk21wx3bsrJlUrS7AtBs1QlQbZFJ+YkUldEv+BE/UXk6Q==",
        "dependencies": {
          "Arbor.ModelBinding": "2.1.0-build.1631437412",
          "Microsoft.Extensions.Primitives": "5.0.1",
          "Newtonsoft.Json": "13.0.1"
        }
      },
      "Arbor.Primitives": {
        "type": "Transitive",
        "resolved": "2.0.0-build.1631884553",
        "contentHash": "6izJMbKNr06XvXoKCOSR8p8OXxsq46MMoiH6MlsuYKTCn3SAA8vv5WOKW+MiFgFZEoEJkFUAIeZt1DdsbbiDyw=="
      },
      "Arbor.Processing": {
        "type": "Transitive",
        "resolved": "0.6.0",
        "contentHash": "KcuciNAfg/ArkDdcM1hHMeIprKwQjdHWV6zXBFAqmKDxGB9rdDHk9a1jHTVQ5r7y5gxAowCUGLgEcfheKItoig=="
      },
      "Cronos": {
        "type": "Transitive",
        "resolved": "0.7.1",
        "contentHash": "aa2DY3qGBnwX7/jW4c17PyRlIeAtc5nYTlAPekc0113jcbBuz9vQkQaQ9NG+TNGlAj4esFxh8OuKUv4vmAODbw=="
      },
      "JetBrains.Annotations": {
        "type": "Transitive",
        "resolved": "2021.2.0",
        "contentHash": "kKSyoVfndMriKHLfYGmr0uzQuI4jcc3TKGyww7buJFCYeHb/X0kodYBPL7n9454q7v6ASiRmDgpPGaDGerg/Hg=="
      },
      "Marten.Analyzers": {
        "type": "Transitive",
        "resolved": "1.5.0",
        "contentHash": "wTOTgl4iQCfyG0YOOVnbOfnKyh7ForWJDSy/3a8cCdpJPFafLmAfk/tWLwqL6jxVFL0U1J6emB9FLY/Fzewymw=="
      },
      "MediatR": {
        "type": "Transitive",
        "resolved": "9.0.0",
        "contentHash": "8b3UYNxegHVYcJMG2zH8wn+YqxLvXG+eMfj0cMCq/jTW72p6O3PCKMkrIv0mqyxdW7bA4gblsocw7n+/9Akg5g=="
      },
      "MediatR.Extensions.Microsoft.DependencyInjection": {
        "type": "Transitive",
        "resolved": "9.0.0",
        "contentHash": "msreY4ogiPdIRWiCQVHQDytIQpsZCLWsixWPZ+Xs86KZrvtuiV8BDHbIT0kBmogynVYWNpspb3caw+86YU8L6w==",
        "dependencies": {
          "MediatR": "9.0.0",
          "Microsoft.Extensions.DependencyInjection.Abstractions": "2.0.0"
        }
      },
      "Microsoft.AspNetCore.Authentication.OpenIdConnect": {
        "type": "Transitive",
        "resolved": "5.0.10",
        "contentHash": "/KR85sTS8t/M90PW/Y2mi1RuzW7QLgVkcim1L/LNlay4oWzxFoQ0CriJAZAYMAPSYLIy5AbDnKAEHXAsQSWvCA==",
        "dependencies": {
          "Microsoft.IdentityModel.Protocols.OpenIdConnect": "6.7.1"
        }
      },
      "Microsoft.AspNetCore.Hosting.WindowsServices": {
        "type": "Transitive",
        "resolved": "5.0.10",
        "contentHash": "VHYLmrto4PdYTTcrW4epJkrYg8HRoAqQImLzoX9AnhDFbZztq/KY5/6HJpwFY8G/I6r1DIDy5Jv1WWi58eH6xg==",
        "dependencies": {
          "System.ServiceProcess.ServiceController": "5.0.0"
        }
      },
      "Microsoft.AspNetCore.JsonPatch": {
        "type": "Transitive",
        "resolved": "5.0.10",
        "contentHash": "mWblC4aXXHBwKqBOW1J9hF/TKLOyyiaBucoEiLFVgmAMLKe2yHFygmWD4mgvlLEr68w+BqO9RelGTrczZpImrg==",
        "dependencies": {
          "Microsoft.CSharp": "4.7.0",
          "Newtonsoft.Json": "12.0.2"
        }
      },
      "Microsoft.AspNetCore.Mvc.NewtonsoftJson": {
        "type": "Transitive",
        "resolved": "5.0.10",
        "contentHash": "qAaZsKeOOJ8EfGPCAnnZqAQ7lnkj+UcglYcrxXvGbnThpV10cRHy7BruQYPpO/hEBtIUd6Ncp31LSK6LPQFHqA==",
        "dependencies": {
          "Microsoft.AspNetCore.JsonPatch": "5.0.10",
          "Newtonsoft.Json": "12.0.2",
          "Newtonsoft.Json.Bson": "1.0.2"
        }
      },
      "Microsoft.CodeAnalysis.Analyzers": {
        "type": "Transitive",
        "resolved": "3.3.2",
        "contentHash": "7xt6zTlIEizUgEsYAIgm37EbdkiMmr6fP6J9pDoKEpiGM4pi32BCPGr/IczmSJI9Zzp0a6HOzpr9OvpMP+2veA=="
      },
      "Microsoft.CodeAnalysis.Common": {
        "type": "Transitive",
        "resolved": "3.11.0",
        "contentHash": "FDKSkRRXnaEWMa2ONkLMo0ZAt/uiV1XIXyodwKIgP1AMIKA7JJKXx/OwFVsvkkUT4BeobLwokoxFw70fICahNg==",
        "dependencies": {
          "Microsoft.CodeAnalysis.Analyzers": "3.3.2",
          "System.Collections.Immutable": "5.0.0",
          "System.Memory": "4.5.4",
          "System.Reflection.Metadata": "5.0.0",
          "System.Runtime.CompilerServices.Unsafe": "5.0.0",
          "System.Text.Encoding.CodePages": "4.5.1",
          "System.Threading.Tasks.Extensions": "4.5.4"
        }
      },
      "Microsoft.CodeAnalysis.CSharp": {
        "type": "Transitive",
        "resolved": "3.11.0",
        "contentHash": "aDRRb7y/sXoJyDqFEQ3Il9jZxyUMHkShzZeCRjQf3SS84n2J0cTEi3TbwVZE9XJvAeMJhGfVVxwOdjYBg6ljmw==",
        "dependencies": {
          "Microsoft.CodeAnalysis.Common": "[3.11.0]"
        }
      },
      "Microsoft.CSharp": {
        "type": "Transitive",
        "resolved": "4.7.0",
        "contentHash": "pTj+D3uJWyN3My70i2Hqo+OXixq3Os2D1nJ2x92FFo6sk8fYS1m1WLNTs0Dc1uPaViH0YvEEwvzddQ7y4rhXmA=="
      },
      "Microsoft.Extensions.Caching.Abstractions": {
        "type": "Transitive",
        "resolved": "5.0.0",
        "contentHash": "bu8As90/SBAouMZ6fJ+qRNo1X+KgHGrVueFhhYi+E5WqEhcnp2HoWRFnMzXQ6g4RdZbvPowFerSbKNH4Dtg5yg==",
        "dependencies": {
          "Microsoft.Extensions.Primitives": "5.0.0"
        }
      },
      "Microsoft.Extensions.Configuration": {
        "type": "Transitive",
        "resolved": "5.0.0",
        "contentHash": "LN322qEKHjuVEhhXueTUe7RNePooZmS8aGid5aK2woX3NPjSnONFyKUc6+JknOS6ce6h2tCLfKPTBXE3mN/6Ag==",
        "dependencies": {
          "Microsoft.Extensions.Configuration.Abstractions": "5.0.0",
          "Microsoft.Extensions.Primitives": "5.0.0"
        }
      },
      "Microsoft.Extensions.Configuration.Abstractions": {
        "type": "Transitive",
        "resolved": "5.0.0",
        "contentHash": "ETjSBHMp3OAZ4HxGQYpwyGsD8Sw5FegQXphi0rpoGMT74S4+I2mm7XJEswwn59XAaKOzC15oDSOWEE8SzDCd6Q==",
        "dependencies": {
          "Microsoft.Extensions.Primitives": "5.0.0"
        }
      },
      "Microsoft.Extensions.Configuration.Binder": {
        "type": "Transitive",
        "resolved": "5.0.0",
        "contentHash": "Of1Irt1+NzWO+yEYkuDh5TpT4On7LKl98Q9iLqCdOZps6XXEWDj3AKtmyvzJPVXZe4apmkJJIiDL7rR1yC+hjQ==",
        "dependencies": {
          "Microsoft.Extensions.Configuration.Abstractions": "5.0.0"
        }
      },
      "Microsoft.Extensions.Configuration.CommandLine": {
        "type": "Transitive",
        "resolved": "5.0.0",
        "contentHash": "OelM+VQdhZ0XMXsEQBq/bt3kFzD+EBGqR4TAgFDRAye0JfvHAaRi+3BxCRcwqUAwDhV0U0HieljBGHlTgYseRA==",
        "dependencies": {
          "Microsoft.Extensions.Configuration": "5.0.0",
          "Microsoft.Extensions.Configuration.Abstractions": "5.0.0"
        }
      },
      "Microsoft.Extensions.Configuration.EnvironmentVariables": {
        "type": "Transitive",
        "resolved": "5.0.0",
        "contentHash": "fqh6y6hAi0Z0fRsb4B/mP9OkKkSlifh5osa+N/YSQ+/S2a//+zYApZMUC1XeP9fdjlgZoPQoZ72Q2eLHyKLddQ==",
        "dependencies": {
          "Microsoft.Extensions.Configuration": "5.0.0",
          "Microsoft.Extensions.Configuration.Abstractions": "5.0.0"
        }
      },
      "Microsoft.Extensions.Configuration.FileExtensions": {
        "type": "Transitive",
        "resolved": "5.0.0",
        "contentHash": "rRdspYKA18ViPOISwAihhCMbusHsARCOtDMwa23f+BGEdIjpKPlhs3LLjmKlxfhpGXBjIsS0JpXcChjRUN+PAw==",
        "dependencies": {
          "Microsoft.Extensions.Configuration": "5.0.0",
          "Microsoft.Extensions.Configuration.Abstractions": "5.0.0",
          "Microsoft.Extensions.FileProviders.Abstractions": "5.0.0",
          "Microsoft.Extensions.FileProviders.Physical": "5.0.0",
          "Microsoft.Extensions.Primitives": "5.0.0"
        }
      },
      "Microsoft.Extensions.Configuration.Json": {
        "type": "Transitive",
        "resolved": "5.0.0",
        "contentHash": "Pak8ymSUfdzPfBTLHxeOwcR32YDbuVfhnH2hkfOLnJNQd19ItlBdpMjIDY9C5O/nS2Sn9bzDMai0ZrvF7KyY/Q==",
        "dependencies": {
          "Microsoft.Extensions.Configuration": "5.0.0",
          "Microsoft.Extensions.Configuration.Abstractions": "5.0.0",
          "Microsoft.Extensions.Configuration.FileExtensions": "5.0.0",
          "Microsoft.Extensions.FileProviders.Abstractions": "5.0.0"
        }
      },
      "Microsoft.Extensions.Configuration.UserSecrets": {
        "type": "Transitive",
        "resolved": "5.0.0",
        "contentHash": "+tK3seG68106lN277YWQvqmfyI/89w0uTu/5Gz5VYSUu5TI4mqwsaWLlSmT9Bl1yW/i1Nr06gHJxqaqB5NU9Tw==",
        "dependencies": {
          "Microsoft.Extensions.Configuration.Abstractions": "5.0.0",
          "Microsoft.Extensions.Configuration.Json": "5.0.0",
          "Microsoft.Extensions.FileProviders.Abstractions": "5.0.0",
          "Microsoft.Extensions.FileProviders.Physical": "5.0.0"
        }
      },
      "Microsoft.Extensions.DependencyInjection": {
        "type": "Transitive",
        "resolved": "5.0.0",
        "contentHash": "Rc2kb/p3Ze6cP6rhFC3PJRdWGbLvSHZc0ev7YlyeU6FmHciDMLrhoVoTUEzKPhN5ZjFgKF1Cf5fOz8mCMIkvpA==",
        "dependencies": {
          "Microsoft.Extensions.DependencyInjection.Abstractions": "5.0.0"
        }
      },
      "Microsoft.Extensions.DependencyInjection.Abstractions": {
        "type": "Transitive",
        "resolved": "5.0.0",
        "contentHash": "ORj7Zh81gC69TyvmcUm9tSzytcy8AVousi+IVRAI8nLieQjOFryRusSFh7+aLk16FN9pQNqJAiMd7BTKINK0kA=="
      },
      "Microsoft.Extensions.DependencyModel": {
        "type": "Transitive",
        "resolved": "5.0.0",
        "contentHash": "umBECCoMC+sOUgm083yFr8SxTobUOcPFH4AXigdO2xJiszCHAnmeDl4qPphJt+oaJ/XIfV1wOjIts2nRnki61Q=="
      },
      "Microsoft.Extensions.Diagnostics.HealthChecks": {
        "type": "Transitive",
        "resolved": "5.0.10",
        "contentHash": "5+glBL2XcJtPo3JisXdtPtTLhVLohRFQkbeIiUMSyHUC0Um1K+oGLwHeoq/s5T/J7k1FXZFGH4e0A/rqpDHe2w==",
        "dependencies": {
          "Microsoft.Extensions.Diagnostics.HealthChecks.Abstractions": "5.0.10",
          "Microsoft.Extensions.Hosting.Abstractions": "5.0.0",
          "Microsoft.Extensions.Logging.Abstractions": "5.0.0",
          "Microsoft.Extensions.Options": "5.0.0"
        }
      },
      "Microsoft.Extensions.Diagnostics.HealthChecks.Abstractions": {
        "type": "Transitive",
        "resolved": "5.0.10",
        "contentHash": "5eVF389ZSmCNp+prPSeItTRk0+3z+x1AFRJNjVCPS2Nq0C9qLqkEIMZ7k+WSbq89nE0D5iqJEVH2lv0e/wDoTA=="
      },
      "Microsoft.Extensions.FileProviders.Abstractions": {
        "type": "Transitive",
        "resolved": "5.0.0",
        "contentHash": "iuZIiZ3mteEb+nsUqpGXKx2cGF+cv6gWPd5jqQI4hzqdiJ6I94ddLjKhQOuRW1lueHwocIw30xbSHGhQj0zjdQ==",
        "dependencies": {
          "Microsoft.Extensions.Primitives": "5.0.0"
        }
      },
      "Microsoft.Extensions.FileProviders.Physical": {
        "type": "Transitive",
        "resolved": "5.0.0",
        "contentHash": "1rkd8UO2qf21biwO7X0hL9uHP7vtfmdv/NLvKgCRHkdz1XnW8zVQJXyEYiN68WYpExgtVWn55QF0qBzgfh1mGg==",
        "dependencies": {
          "Microsoft.Extensions.FileProviders.Abstractions": "5.0.0",
          "Microsoft.Extensions.FileSystemGlobbing": "5.0.0",
          "Microsoft.Extensions.Primitives": "5.0.0"
        }
      },
      "Microsoft.Extensions.FileSystemGlobbing": {
        "type": "Transitive",
        "resolved": "5.0.0",
        "contentHash": "ArliS8lGk8sWRtrWpqI8yUVYJpRruPjCDT+EIjrgkA/AAPRctlAkRISVZ334chAKktTLzD1+PK8F5IZpGedSqA=="
      },
      "Microsoft.Extensions.Hosting": {
        "type": "Transitive",
        "resolved": "5.0.0",
        "contentHash": "hiokSU1TOVfcqpQAnpiOzP2rE9p+niq92g5yeAnwlbSrUlIdIS6M8emCknZvhdOagQA9x5YWNwe1n0kFUwE0NQ==",
        "dependencies": {
          "Microsoft.Extensions.Configuration": "5.0.0",
          "Microsoft.Extensions.Configuration.Abstractions": "5.0.0",
          "Microsoft.Extensions.Configuration.Binder": "5.0.0",
          "Microsoft.Extensions.Configuration.CommandLine": "5.0.0",
          "Microsoft.Extensions.Configuration.EnvironmentVariables": "5.0.0",
          "Microsoft.Extensions.Configuration.FileExtensions": "5.0.0",
          "Microsoft.Extensions.Configuration.Json": "5.0.0",
          "Microsoft.Extensions.Configuration.UserSecrets": "5.0.0",
          "Microsoft.Extensions.DependencyInjection": "5.0.0",
          "Microsoft.Extensions.DependencyInjection.Abstractions": "5.0.0",
          "Microsoft.Extensions.FileProviders.Abstractions": "5.0.0",
          "Microsoft.Extensions.FileProviders.Physical": "5.0.0",
          "Microsoft.Extensions.Hosting.Abstractions": "5.0.0",
          "Microsoft.Extensions.Logging": "5.0.0",
          "Microsoft.Extensions.Logging.Abstractions": "5.0.0",
          "Microsoft.Extensions.Logging.Configuration": "5.0.0",
          "Microsoft.Extensions.Logging.Console": "5.0.0",
          "Microsoft.Extensions.Logging.Debug": "5.0.0",
          "Microsoft.Extensions.Logging.EventLog": "5.0.0",
          "Microsoft.Extensions.Logging.EventSource": "5.0.0",
          "Microsoft.Extensions.Options": "5.0.0"
        }
      },
      "Microsoft.Extensions.Hosting.Abstractions": {
        "type": "Transitive",
        "resolved": "5.0.0",
        "contentHash": "cbUOCePYBl1UhM+N2zmDSUyJ6cODulbtUd9gEzMFIK3RQDtP/gJsE08oLcBSXH3Q1RAQ0ex7OAB3HeTKB9bXpg==",
        "dependencies": {
          "Microsoft.Extensions.Configuration.Abstractions": "5.0.0",
          "Microsoft.Extensions.DependencyInjection.Abstractions": "5.0.0",
          "Microsoft.Extensions.FileProviders.Abstractions": "5.0.0"
        }
      },
      "Microsoft.Extensions.Hosting.WindowsServices": {
        "type": "Transitive",
        "resolved": "5.0.1",
        "contentHash": "xtIf7KkcLMvYoxoW8pokCgIMXeYYGBbrJmuABgQaOc0sylYmSicfdq1Ua/9cRhcTRzWKLWXJRVADDR00ID+GYw==",
        "dependencies": {
          "Microsoft.Extensions.Hosting": "5.0.0",
          "Microsoft.Extensions.Logging.EventLog": "5.0.0",
          "System.ServiceProcess.ServiceController": "5.0.0"
        }
      },
      "Microsoft.Extensions.Http": {
        "type": "Transitive",
        "resolved": "5.0.0",
        "contentHash": "kT1ijDKZuSUhBtYoC1sXrmVKP7mA08h9Xrsr4VrS/QOtiKCEtUTTd7dd3XI9dwAb46tZSak13q/zdIcr4jqbyg==",
        "dependencies": {
          "Microsoft.Extensions.DependencyInjection.Abstractions": "5.0.0",
          "Microsoft.Extensions.Logging": "5.0.0",
          "Microsoft.Extensions.Logging.Abstractions": "5.0.0",
          "Microsoft.Extensions.Options": "5.0.0"
        }
      },
      "Microsoft.Extensions.Logging": {
        "type": "Transitive",
        "resolved": "5.0.0",
        "contentHash": "MgOwK6tPzB6YNH21wssJcw/2MKwee8b2gI7SllYfn6rvTpIrVvVS5HAjSU2vqSku1fwqRvWP0MdIi14qjd93Aw==",
        "dependencies": {
          "Microsoft.Extensions.DependencyInjection": "5.0.0",
          "Microsoft.Extensions.DependencyInjection.Abstractions": "5.0.0",
          "Microsoft.Extensions.Logging.Abstractions": "5.0.0",
          "Microsoft.Extensions.Options": "5.0.0"
        }
      },
      "Microsoft.Extensions.Logging.Abstractions": {
        "type": "Transitive",
        "resolved": "5.0.0",
        "contentHash": "NxP6ahFcBnnSfwNBi2KH2Oz8Xl5Sm2krjId/jRR3I7teFphwiUoUeZPwTNA21EX+5PtjqmyAvKaOeBXcJjcH/w=="
      },
      "Microsoft.Extensions.Logging.Configuration": {
        "type": "Transitive",
        "resolved": "5.0.0",
        "contentHash": "N3/d0HeMRnBekadbZlmbp+In8EvNNkQHSdbtRzjrGVckdZWpYs5GNrAfaYqVplDFW0WUedSaFJ3khB50BWYGsw==",
        "dependencies": {
          "Microsoft.Extensions.Configuration": "5.0.0",
          "Microsoft.Extensions.Configuration.Abstractions": "5.0.0",
          "Microsoft.Extensions.Configuration.Binder": "5.0.0",
          "Microsoft.Extensions.DependencyInjection.Abstractions": "5.0.0",
          "Microsoft.Extensions.Logging": "5.0.0",
          "Microsoft.Extensions.Logging.Abstractions": "5.0.0",
          "Microsoft.Extensions.Options": "5.0.0",
          "Microsoft.Extensions.Options.ConfigurationExtensions": "5.0.0"
        }
      },
      "Microsoft.Extensions.Logging.Console": {
        "type": "Transitive",
        "resolved": "5.0.0",
        "contentHash": "jH0wbWhfvXjOVmCkbra4vbiovDtTUIWLQjCeJ7Xun3h4AHvwfzm7V7wlsXKs3tNnPrsCxZ9oaV0vUAgGY1JxOA==",
        "dependencies": {
          "Microsoft.Extensions.Configuration.Abstractions": "5.0.0",
          "Microsoft.Extensions.DependencyInjection.Abstractions": "5.0.0",
          "Microsoft.Extensions.Logging": "5.0.0",
          "Microsoft.Extensions.Logging.Abstractions": "5.0.0",
          "Microsoft.Extensions.Logging.Configuration": "5.0.0",
          "Microsoft.Extensions.Options": "5.0.0",
          "Microsoft.Extensions.Options.ConfigurationExtensions": "5.0.0"
        }
      },
      "Microsoft.Extensions.Logging.Debug": {
        "type": "Transitive",
        "resolved": "5.0.0",
        "contentHash": "9dvt0xqRrClvhaPNpfyS39WxnW9G55l5lrV5ZX7IrEgwo4VwtmJKtoPiKVYKbhAuOBGUI5WY3hWLvF+PSbJp5A==",
        "dependencies": {
          "Microsoft.Extensions.DependencyInjection.Abstractions": "5.0.0",
          "Microsoft.Extensions.Logging": "5.0.0",
          "Microsoft.Extensions.Logging.Abstractions": "5.0.0"
        }
      },
      "Microsoft.Extensions.Logging.EventLog": {
        "type": "Transitive",
        "resolved": "5.0.0",
        "contentHash": "CYzsgF2lqgahGl/HuErsIDaZZ9ueN+MBjGfO/0jVDLPaXLaywxlGKFpDgXMaB053DRYZwD1H2Lb1I60mTXS3jg==",
        "dependencies": {
          "Microsoft.Extensions.DependencyInjection.Abstractions": "5.0.0",
          "Microsoft.Extensions.Logging": "5.0.0",
          "Microsoft.Extensions.Logging.Abstractions": "5.0.0",
          "Microsoft.Extensions.Options": "5.0.0",
          "System.Diagnostics.EventLog": "5.0.0"
        }
      },
      "Microsoft.Extensions.Logging.EventSource": {
        "type": "Transitive",
        "resolved": "5.0.0",
        "contentHash": "hF+D6PJkrM0qXcSEGs1BwZwgP8c0BRkj26P/5wmYTcHKOp52GRey/Z/YKRmRIHIrXxj9tz/JgIjU9oWmiJ5HMw==",
        "dependencies": {
          "Microsoft.Extensions.DependencyInjection.Abstractions": "5.0.0",
          "Microsoft.Extensions.Logging": "5.0.0",
          "Microsoft.Extensions.Logging.Abstractions": "5.0.0",
          "Microsoft.Extensions.Options": "5.0.0",
          "Microsoft.Extensions.Primitives": "5.0.0"
        }
      },
      "Microsoft.Extensions.Options": {
        "type": "Transitive",
        "resolved": "5.0.0",
        "contentHash": "CBvR92TCJ5uBIdd9/HzDSrxYak+0W/3+yxrNg8Qm6Bmrkh5L+nu6m3WeazQehcZ5q1/6dDA7J5YdQjim0165zg==",
        "dependencies": {
          "Microsoft.Extensions.DependencyInjection.Abstractions": "5.0.0",
          "Microsoft.Extensions.Primitives": "5.0.0"
        }
      },
      "Microsoft.Extensions.Options.ConfigurationExtensions": {
        "type": "Transitive",
        "resolved": "5.0.0",
        "contentHash": "280RxNJqOeQqq47aJLy5D9LN61CAWeuRA83gPToQ8B9jl9SNdQ5EXjlfvF66zQI5AXMl+C/3hGnbtIEN+X3mqA==",
        "dependencies": {
          "Microsoft.Extensions.Configuration.Abstractions": "5.0.0",
          "Microsoft.Extensions.Configuration.Binder": "5.0.0",
          "Microsoft.Extensions.DependencyInjection.Abstractions": "5.0.0",
          "Microsoft.Extensions.Options": "5.0.0",
          "Microsoft.Extensions.Primitives": "5.0.0"
        }
      },
      "Microsoft.Extensions.Primitives": {
        "type": "Transitive",
        "resolved": "5.0.1",
        "contentHash": "5WPSmL4YeP7eW+Vc8XZ4DwjYWBAiSwDV9Hm63JJWcz1Ie3Xjv4KuJXzgCstj48LkLfVCYa7mLcx7y+q6yqVvtw=="
      },
      "Microsoft.IdentityModel.JsonWebTokens": {
        "type": "Transitive",
        "resolved": "6.7.1",
        "contentHash": "q/Ii8ILV8cM1X49gnl12cJK+0KWiI1xUeiLYiE9+uRonJLaHWB0l8t89rGnZTEGthGKItyikKSB38LQpfy/zBw==",
        "dependencies": {
          "Microsoft.IdentityModel.Tokens": "6.7.1"
        }
      },
      "Microsoft.IdentityModel.Logging": {
        "type": "Transitive",
        "resolved": "6.7.1",
        "contentHash": "WGtTiTy2ZikOz/I5GxCGbNPLOpyI9fPyuyG4Q5rfkhACK+Q0Ad6U8XajYZ2cJ2cFKse0IvHwm15HVrfwrX/89g=="
      },
      "Microsoft.IdentityModel.Protocols": {
        "type": "Transitive",
        "resolved": "6.7.1",
        "contentHash": "DVGYIRUK3TkCTmz0IgBzWUE55CDNfLtXil1FgSbgHI7hi2fP2pz4tiTAno/5O/hdVwAzV+HtCQtFi7xW8smaHw==",
        "dependencies": {
          "Microsoft.IdentityModel.Logging": "6.7.1",
          "Microsoft.IdentityModel.Tokens": "6.7.1"
        }
      },
      "Microsoft.IdentityModel.Protocols.OpenIdConnect": {
        "type": "Transitive",
        "resolved": "6.7.1",
        "contentHash": "99gA+E6ZOCqySrT80Yh6wrfjJfeMxDisdAcA5Q66zHxMPY5Gzc8aT2Ldzu0GP1sADv/o3yI1Gc3P1GHXlXAVVQ==",
        "dependencies": {
          "Microsoft.IdentityModel.Protocols": "6.7.1",
          "System.IdentityModel.Tokens.Jwt": "6.7.1"
        }
      },
      "Microsoft.IdentityModel.Tokens": {
        "type": "Transitive",
        "resolved": "6.7.1",
        "contentHash": "Td9Vn9d/0eM1zlUUvaVQzjqdBkBLJ2oGtGL/LYPuiCUAALMeAHVDtpXGk8eYI8Gbduz5n+o7ifldsCIca4MWew==",
        "dependencies": {
          "Microsoft.CSharp": "4.5.0",
          "Microsoft.IdentityModel.Logging": "6.7.1",
          "System.Security.Cryptography.Cng": "4.5.0"
        }
      },
      "Microsoft.NETCore.Platforms": {
        "type": "Transitive",
        "resolved": "5.0.0",
        "contentHash": "VyPlqzH2wavqquTcYpkIIAQ6WdenuKoFN0BdYBbCWsclXacSOHNQn66Gt4z5NBqEYW0FAPm5rlvki9ZiCij5xQ=="
      },
      "Microsoft.NETCore.Targets": {
        "type": "Transitive",
        "resolved": "1.1.0",
        "contentHash": "aOZA3BWfz9RXjpzt0sRJJMjAscAUm3Hoa4UWAfceV9UTYxgwZ1lZt5nO2myFf+/jetYQo4uTP7zS8sJY67BBxg=="
      },
      "Microsoft.Win32.Registry": {
        "type": "Transitive",
        "resolved": "5.0.0",
        "contentHash": "dDoKi0PnDz31yAyETfRntsLArTlVAVzUzCIvvEDsDsucrl33Dl8pIJG06ePTJTI3tGpeyHS9Cq7Foc/s4EeKcg==",
        "dependencies": {
          "System.Security.AccessControl": "5.0.0",
          "System.Security.Principal.Windows": "5.0.0"
        }
      },
      "Newtonsoft.Json.Bson": {
        "type": "Transitive",
        "resolved": "1.0.2",
        "contentHash": "QYFyxhaABwmq3p/21VrZNYvCg3DaEoN/wUuw5nmfAf0X3HLjgupwhkEWdgfb9nvGAUIv3osmZoD3kKl4jxEmYQ==",
        "dependencies": {
          "Newtonsoft.Json": "12.0.1"
        }
      },
      "Serilog.AspNetCore": {
        "type": "Transitive",
        "resolved": "4.1.0",
        "contentHash": "qRdEkjX10VJ5Cb3B9q/Q/tv+0ntDxAIA1YbOmmNMlkha1TU0ckK5b73eBYMNNLMAU92ofrzOEuIJEc6Q+Q1Z2A==",
        "dependencies": {
          "Microsoft.Extensions.DependencyInjection": "5.0.0",
          "Microsoft.Extensions.Logging": "5.0.0",
          "Serilog": "2.10.0",
          "Serilog.Extensions.Hosting": "4.1.2",
          "Serilog.Formatting.Compact": "1.1.0",
          "Serilog.Settings.Configuration": "3.1.0",
          "Serilog.Sinks.Console": "3.1.1",
          "Serilog.Sinks.Debug": "2.0.0",
          "Serilog.Sinks.File": "4.1.0"
        }
      },
      "Serilog.Extensions.Hosting": {
        "type": "Transitive",
        "resolved": "4.1.2",
        "contentHash": "nOpvvYgDoepae4FsXnyX4uSYLO+f+v7aRyNpA0pbpxjdkpw3FWZtfQDe2gnUmZGNYMLWnxMRCPJQ455U/dOUbQ==",
        "dependencies": {
          "Microsoft.Extensions.DependencyInjection.Abstractions": "3.1.8",
          "Microsoft.Extensions.Hosting.Abstractions": "3.1.8",
          "Microsoft.Extensions.Logging.Abstractions": "3.1.8",
          "Serilog": "2.10.0",
          "Serilog.Extensions.Logging": "3.0.1"
        }
      },
      "Serilog.Extensions.Logging": {
        "type": "Transitive",
        "resolved": "3.0.1",
        "contentHash": "U0xbGoZuxJRjE3C5vlCfrf9a4xHTmbrCXKmaA14cHAqiT1Qir0rkV7Xss9GpPJR3MRYH19DFUUqZ9hvWeJrzdQ==",
        "dependencies": {
          "Microsoft.Extensions.Logging": "2.0.0",
          "Serilog": "2.8.0"
        }
      },
      "Serilog.Formatting.Compact": {
        "type": "Transitive",
        "resolved": "1.1.0",
        "contentHash": "pNroKVjo+rDqlxNG5PXkRLpfSCuDOBY0ri6jp9PLe505ljqwhwZz8ospy2vWhQlFu5GkIesh3FcDs4n7sWZODA==",
        "dependencies": {
          "Serilog": "2.8.0"
        }
      },
      "Serilog.Settings.Configuration": {
        "type": "Transitive",
        "resolved": "3.1.0",
        "contentHash": "BS+G1dhThTHBOYm8R21JNlR+Nh7ETAOlJuL1P6te1rOG98eV1vos5EyWRTGr0AbHgySxsGu1Q/evfFxS9+Gk1Q==",
        "dependencies": {
          "Microsoft.Extensions.DependencyModel": "2.0.4",
          "Microsoft.Extensions.Options.ConfigurationExtensions": "2.0.0",
          "Serilog": "2.6.0"
        }
      },
      "Serilog.Sinks.Console": {
        "type": "Transitive",
        "resolved": "4.0.0",
        "contentHash": "yJQit9sTJ4xGLKgCujqDJsaGqBNJwGB/H898z+xYlMG06twy4//6LLnSrsmpduZxcHIG4im7cv+JmXLzXz2EkQ==",
        "dependencies": {
          "Serilog": "2.10.0"
        }
      },
      "Serilog.Sinks.Debug": {
        "type": "Transitive",
        "resolved": "2.0.0",
        "contentHash": "Y6g3OBJ4JzTyyw16fDqtFcQ41qQAydnEvEqmXjhwhgjsnG/FaJ8GUqF5ldsC/bVkK8KYmqrPhDO+tm4dF6xx4A==",
        "dependencies": {
          "Serilog": "2.10.0"
        }
      },
      "Serilog.Sinks.File": {
        "type": "Transitive",
        "resolved": "5.0.0",
        "contentHash": "uwV5hdhWPwUH1szhO8PJpFiahqXmzPzJT/sOijH/kFgUx+cyoDTMM8MHD0adw9+Iem6itoibbUXHYslzXsLEAg==",
        "dependencies": {
          "Serilog": "2.10.0"
        }
      },
      "Serilog.Sinks.PeriodicBatching": {
        "type": "Transitive",
        "resolved": "2.3.0",
        "contentHash": "UYKSjTMTlUY9T3OgzMmLDLD+z0qPfgvq/RvG0rKfyz+O+Zrjw3X/Xpv14J4WMcGVsOjUaR+k8n2MdmqVpJtI6A==",
        "dependencies": {
          "Serilog": "2.0.0",
          "System.Collections.Concurrent": "4.0.12",
          "System.Threading.Timer": "4.0.1"
        }
      },
      "Serilog.Sinks.Seq": {
        "type": "Transitive",
        "resolved": "5.0.1",
        "contentHash": "SyoNjPcnV+vuOGtBErh2pMp4uimyqHqv8UnKcN8VY7c1DuDdbxelaWn1PI5gu/tyblhKy/mFSa3Jcvth07a5+A==",
        "dependencies": {
          "Serilog": "2.10.0",
          "Serilog.Formatting.Compact": "1.1.0",
          "Serilog.Sinks.File": "4.0.0",
          "Serilog.Sinks.PeriodicBatching": "2.3.0"
        }
      },
      "Serilog.Sinks.TextWriter": {
        "type": "Transitive",
        "resolved": "2.1.0",
        "contentHash": "rgDZVwl68RqOFogKO27RbYLlwCQehjUQv4gimLT/Fd7dYV7XRVtWTp73BJphjWgVq4DP8trv1ta9Ork5H8oDXw==",
        "dependencies": {
          "Serilog": "2.0.0",
          "System.IO": "4.1.0"
        }
      },
      "System.Collections": {
        "type": "Transitive",
        "resolved": "4.3.0",
        "contentHash": "3Dcj85/TBdVpL5Zr+gEEBUuFe2icOnLalmEh9hfck1PTYbbyWuZgh4fmm2ysCLTrqLQw6t3TgTyJ+VLp+Qb+Lw==",
        "dependencies": {
          "Microsoft.NETCore.Platforms": "1.1.0",
          "Microsoft.NETCore.Targets": "1.1.0",
          "System.Runtime": "4.3.0"
        }
      },
      "System.Collections.Concurrent": {
        "type": "Transitive",
        "resolved": "4.3.0",
        "contentHash": "ztl69Xp0Y/UXCL+3v3tEU+lIy+bvjKNUmopn1wep/a291pVPK7dxBd6T7WnlQqRog+d1a/hSsgRsmFnIBKTPLQ==",
        "dependencies": {
          "System.Collections": "4.3.0",
          "System.Diagnostics.Debug": "4.3.0",
          "System.Diagnostics.Tracing": "4.3.0",
          "System.Globalization": "4.3.0",
          "System.Reflection": "4.3.0",
          "System.Resources.ResourceManager": "4.3.0",
          "System.Runtime": "4.3.0",
          "System.Runtime.Extensions": "4.3.0",
          "System.Threading": "4.3.0",
          "System.Threading.Tasks": "4.3.0"
        }
      },
      "System.Collections.Immutable": {
        "type": "Transitive",
        "resolved": "5.0.0",
        "contentHash": "FXkLXiK0sVVewcso0imKQoOxjoPAj42R8HtjjbSjVPAzwDfzoyoznWxgA3c38LDbN9SJux1xXoXYAhz98j7r2g=="
      },
      "System.ComponentModel.Annotations": {
        "type": "Transitive",
        "resolved": "5.0.0",
        "contentHash": "dMkqfy2el8A8/I76n2Hi1oBFEbG1SfxD2l5nhwXV3XjlnOmwxJlQbYpJH4W51odnU9sARCSAgv7S3CyAFMkpYg=="
      },
      "System.Diagnostics.Debug": {
        "type": "Transitive",
        "resolved": "4.3.0",
        "contentHash": "ZUhUOdqmaG5Jk3Xdb8xi5kIyQYAA4PnTNlHx1mu9ZY3qv4ELIdKbnL/akbGaKi2RnNUWaZsAs31rvzFdewTj2g==",
        "dependencies": {
          "Microsoft.NETCore.Platforms": "1.1.0",
          "Microsoft.NETCore.Targets": "1.1.0",
          "System.Runtime": "4.3.0"
        }
      },
      "System.Diagnostics.EventLog": {
        "type": "Transitive",
        "resolved": "5.0.0",
        "contentHash": "FHkCwUfsTs+/5tsK+c0egLfacUgbhvcwi3wUFWSEEArSXao343mYqcpOVVFMlcCkdNtjU4YwAWaKYwal6f02og==",
        "dependencies": {
          "Microsoft.NETCore.Platforms": "5.0.0",
          "Microsoft.Win32.Registry": "5.0.0",
          "System.Security.Principal.Windows": "5.0.0"
        }
      },
      "System.Diagnostics.Tracing": {
        "type": "Transitive",
        "resolved": "4.3.0",
        "contentHash": "rswfv0f/Cqkh78rA5S8eN8Neocz234+emGCtTF3lxPY96F+mmmUen6tbn0glN6PMvlKQb9bPAY5e9u7fgPTkKw==",
        "dependencies": {
          "Microsoft.NETCore.Platforms": "1.1.0",
          "Microsoft.NETCore.Targets": "1.1.0",
          "System.Runtime": "4.3.0"
        }
      },
      "System.Globalization": {
        "type": "Transitive",
        "resolved": "4.3.0",
        "contentHash": "kYdVd2f2PAdFGblzFswE4hkNANJBKRmsfa2X5LG2AcWE1c7/4t0pYae1L8vfZ5xvE2nK/R9JprtToA61OSHWIg==",
        "dependencies": {
          "Microsoft.NETCore.Platforms": "1.1.0",
          "Microsoft.NETCore.Targets": "1.1.0",
          "System.Runtime": "4.3.0"
        }
      },
      "System.IdentityModel.Tokens.Jwt": {
        "type": "Transitive",
        "resolved": "6.7.1",
        "contentHash": "sPnRn9dUMYARQC3mAKWpig/7rlrruqJvopKXmGoYAQ1A+xQsT3q5LiwsArkV8Oz/hfiRCLkV9vgi3FQg/mYfrw==",
        "dependencies": {
          "Microsoft.IdentityModel.JsonWebTokens": "6.7.1",
          "Microsoft.IdentityModel.Tokens": "6.7.1"
        }
      },
      "System.IO": {
        "type": "Transitive",
        "resolved": "4.3.0",
        "contentHash": "3qjaHvxQPDpSOYICjUoTsmoq5u6QJAFRUITgeT/4gqkF1bajbSmb1kwSxEA8AHlofqgcKJcM8udgieRNhaJ5Cg==",
        "dependencies": {
          "Microsoft.NETCore.Platforms": "1.1.0",
          "Microsoft.NETCore.Targets": "1.1.0",
          "System.Runtime": "4.3.0",
          "System.Text.Encoding": "4.3.0",
          "System.Threading.Tasks": "4.3.0"
        }
      },
      "System.Memory": {
        "type": "Transitive",
        "resolved": "4.5.4",
        "contentHash": "1MbJTHS1lZ4bS4FmsJjnuGJOu88ZzTT2rLvrhW7Ygic+pC0NWA+3hgAen0HRdsocuQXCkUTdFn9yHJJhsijDXw=="
      },
      "System.Reflection": {
        "type": "Transitive",
        "resolved": "4.3.0",
        "contentHash": "KMiAFoW7MfJGa9nDFNcfu+FpEdiHpWgTcS2HdMpDvt9saK3y/G4GwprPyzqjFH9NTaGPQeWNHU+iDlDILj96aQ==",
        "dependencies": {
          "Microsoft.NETCore.Platforms": "1.1.0",
          "Microsoft.NETCore.Targets": "1.1.0",
          "System.IO": "4.3.0",
          "System.Reflection.Primitives": "4.3.0",
          "System.Runtime": "4.3.0"
        }
      },
      "System.Reflection.Metadata": {
        "type": "Transitive",
        "resolved": "5.0.0",
        "contentHash": "5NecZgXktdGg34rh1OenY1rFNDCI8xSjFr+Z4OU4cU06AQHUdRnIIEeWENu3Wl4YowbzkymAIMvi3WyK9U53pQ=="
      },
      "System.Reflection.Primitives": {
        "type": "Transitive",
        "resolved": "4.3.0",
        "contentHash": "5RXItQz5As4xN2/YUDxdpsEkMhvw3e6aNveFXUn4Hl/udNTCNhnKp8lT9fnc3MhvGKh1baak5CovpuQUXHAlIA==",
        "dependencies": {
          "Microsoft.NETCore.Platforms": "1.1.0",
          "Microsoft.NETCore.Targets": "1.1.0",
          "System.Runtime": "4.3.0"
        }
      },
      "System.Resources.ResourceManager": {
        "type": "Transitive",
        "resolved": "4.3.0",
        "contentHash": "/zrcPkkWdZmI4F92gL/TPumP98AVDu/Wxr3CSJGQQ+XN6wbRZcyfSKVoPo17ilb3iOr0cCRqJInGwNMolqhS8A==",
        "dependencies": {
          "Microsoft.NETCore.Platforms": "1.1.0",
          "Microsoft.NETCore.Targets": "1.1.0",
          "System.Globalization": "4.3.0",
          "System.Reflection": "4.3.0",
          "System.Runtime": "4.3.0"
        }
      },
      "System.Runtime": {
        "type": "Transitive",
        "resolved": "4.3.0",
        "contentHash": "JufQi0vPQ0xGnAczR13AUFglDyVYt4Kqnz1AZaiKZ5+GICq0/1MH/mO/eAJHt/mHW1zjKBJd7kV26SrxddAhiw==",
        "dependencies": {
          "Microsoft.NETCore.Platforms": "1.1.0",
          "Microsoft.NETCore.Targets": "1.1.0"
        }
      },
      "System.Runtime.CompilerServices.Unsafe": {
        "type": "Transitive",
        "resolved": "5.0.0",
        "contentHash": "ZD9TMpsmYJLrxbbmdvhwt9YEgG5WntEnZ/d1eH8JBX9LBp+Ju8BSBhUGbZMNVHHomWo2KVImJhTDl2hIgw/6MA=="
      },
      "System.Runtime.Extensions": {
        "type": "Transitive",
        "resolved": "4.3.0",
        "contentHash": "guW0uK0fn5fcJJ1tJVXYd7/1h5F+pea1r7FLSOz/f8vPEqbR2ZAknuRDvTQ8PzAilDveOxNjSfr0CHfIQfFk8g==",
        "dependencies": {
          "Microsoft.NETCore.Platforms": "1.1.0",
          "Microsoft.NETCore.Targets": "1.1.0",
          "System.Runtime": "4.3.0"
        }
      },
      "System.Security.AccessControl": {
        "type": "Transitive",
        "resolved": "5.0.0",
        "contentHash": "dagJ1mHZO3Ani8GH0PHpPEe/oYO+rVdbQjvjJkBRNQkX4t0r1iaeGn8+/ybkSLEan3/slM0t59SVdHzuHf2jmw==",
        "dependencies": {
          "Microsoft.NETCore.Platforms": "5.0.0",
          "System.Security.Principal.Windows": "5.0.0"
        }
      },
      "System.Security.Cryptography.Cng": {
        "type": "Transitive",
        "resolved": "4.5.0",
        "contentHash": "WG3r7EyjUe9CMPFSs6bty5doUqT+q9pbI80hlNzo2SkPkZ4VTuZkGWjpp77JB8+uaL4DFPRdBsAY+DX3dBK92A=="
      },
      "System.Security.Principal.Windows": {
        "type": "Transitive",
        "resolved": "5.0.0",
        "contentHash": "t0MGLukB5WAVU9bO3MGzvlGnyJPgUlcwerXn1kzBRjwLKixT96XV0Uza41W49gVd8zEMFu9vQEFlv0IOrytICA=="
      },
      "System.ServiceProcess.ServiceController": {
        "type": "Transitive",
        "resolved": "5.0.0",
        "contentHash": "p2yX167GW1pr2DCR6cW+cBKrvhli4thckXk108faFaTPHnoudb0AYPcIPq3nmrwn7IQj9FEmjpyJlXzcOmIjjw==",
        "dependencies": {
          "System.Diagnostics.EventLog": "5.0.0"
        }
      },
      "System.Text.Encoding": {
        "type": "Transitive",
        "resolved": "4.3.0",
        "contentHash": "BiIg+KWaSDOITze6jGQynxg64naAPtqGHBwDrLaCtixsa5bKiR8dpPOHA7ge3C0JJQizJE+sfkz1wV+BAKAYZw==",
        "dependencies": {
          "Microsoft.NETCore.Platforms": "1.1.0",
          "Microsoft.NETCore.Targets": "1.1.0",
          "System.Runtime": "4.3.0"
        }
      },
      "System.Text.Encoding.CodePages": {
        "type": "Transitive",
        "resolved": "4.5.1",
        "contentHash": "4J2JQXbftjPMppIHJ7IC+VXQ9XfEagN92vZZNoG12i+zReYlim5dMoXFC1Zzg7tsnKDM7JPo5bYfFK4Jheq44w==",
        "dependencies": {
          "Microsoft.NETCore.Platforms": "2.1.2",
          "System.Runtime.CompilerServices.Unsafe": "4.5.2"
        }
      },
      "System.Threading": {
        "type": "Transitive",
        "resolved": "4.3.0",
        "contentHash": "VkUS0kOBcUf3Wwm0TSbrevDDZ6BlM+b/HRiapRFWjM5O0NS0LviG0glKmFK+hhPDd1XFeSdU1GmlLhb2CoVpIw==",
        "dependencies": {
          "System.Runtime": "4.3.0",
          "System.Threading.Tasks": "4.3.0"
        }
      },
      "System.Threading.Tasks": {
        "type": "Transitive",
        "resolved": "4.3.0",
        "contentHash": "LbSxKEdOUhVe8BezB/9uOGGppt+nZf6e1VFyw6v3DN6lqitm0OSn2uXMOdtP0M3W4iMcqcivm2J6UgqiwwnXiA==",
        "dependencies": {
          "Microsoft.NETCore.Platforms": "1.1.0",
          "Microsoft.NETCore.Targets": "1.1.0",
          "System.Runtime": "4.3.0"
        }
      },
      "System.Threading.Tasks.Extensions": {
        "type": "Transitive",
        "resolved": "4.5.4",
        "contentHash": "zteT+G8xuGu6mS+mzDzYXbzS7rd3K6Fjb9RiZlYlJPam2/hU7JCBZBVEcywNuR+oZ1ncTvc/cq0faRr3P01OVg=="
      },
      "System.Threading.Timer": {
        "type": "Transitive",
        "resolved": "4.0.1",
        "contentHash": "saGfUV8uqVW6LeURiqxcGhZ24PzuRNaUBtbhVeuUAvky1naH395A/1nY0P2bWvrw/BreRtIB/EzTDkGBpqCwEw==",
        "dependencies": {
          "Microsoft.NETCore.Platforms": "1.0.1",
          "Microsoft.NETCore.Targets": "1.0.1",
          "System.Runtime": "4.1.0"
        }
      },
      "arbor.aspnetcore.host": {
        "type": "Project",
        "dependencies": {
          "Arbor.App.Extensions": "0.10.0-build.1631884952",
          "Arbor.AspNetCore.Mvc.Formatting.HtmlForms": "1.0.0",
          "Arbor.KVConfiguration.Core": "2.0.0-build.1631884553",
          "Arbor.KVConfiguration.DependencyInjection": "2.0.0-build.1631884553",
          "Arbor.KVConfiguration.JsonConfiguration": "2.0.0-build.1631884553",
          "Arbor.KVConfiguration.Microsoft.Extensions.Configuration.Urns": "2.0.0-build.1631884553",
          "Arbor.KVConfiguration.Schema.Json": "2.0.0-build.1631884553",
          "Arbor.KVConfiguration.Urns": "2.0.0-build.1631884553",
          "Arbor.KVConfiguration.UserConfiguration": "2.0.0-build.1631884553",
          "Arbor.ModelBinding": "2.1.0-build.1631437412",
          "Arbor.ModelBinding.NewtonsoftJson": "2.1.0-build.1631437412",
          "Arbor.Processing": "0.6.0",
          "Cronos": "0.7.1",
          "JetBrains.Annotations": "2021.2.0",
          "Marten.Analyzers": "1.5.0",
          "MediatR.Extensions.Microsoft.DependencyInjection": "9.0.0",
          "Microsoft.AspNetCore.Authentication.OpenIdConnect": "5.0.10",
          "Microsoft.AspNetCore.Hosting.WindowsServices": "5.0.10",
          "Microsoft.AspNetCore.Mvc.NewtonsoftJson": "5.0.10",
          "Microsoft.CodeAnalysis.CSharp": "3.11.0",
          "Microsoft.Extensions.Configuration": "5.0.0",
          "Microsoft.Extensions.DependencyInjection.Abstractions": "5.0.0",
          "Microsoft.Extensions.Diagnostics.HealthChecks": "5.0.10",
          "Microsoft.Extensions.Hosting.WindowsServices": "5.0.1",
          "Microsoft.Extensions.Http": "5.0.0",
          "Microsoft.Extensions.Logging.Abstractions": "5.0.0",
          "Microsoft.Extensions.Primitives": "5.0.1",
          "Serilog": "2.10.0",
          "Serilog.AspNetCore": "4.1.0",
          "Serilog.Sinks.Console": "4.0.0",
          "Serilog.Sinks.File": "5.0.0",
          "Serilog.Sinks.Seq": "5.0.1",
          "Serilog.Sinks.TextWriter": "2.1.0",
          "System.Collections.Concurrent": "4.3.0",
          "System.Collections.Immutable": "5.0.0"
        }
      }
    }
  }
}